
Microsoft Visual Studio Solution File, Format Version 12.00
# Visual Studio Version 17
VisualStudioVersion = 17.8.34330.188
MinimumVisualStudioVersion = 10.0.40219.1
Project("{FAE04EC0-301F-11D3-BF4B-00C04F79EFBC}") = "POC_PROG", "POC_PROG\POC_PROG.csproj", "{7BD80DDD-99DC-4711-A5DC-03E41407B5EB}"
EndProject
Global
	GlobalSection(SolutionConfigurationPlatforms) = preSolution
		Debug|Any CPU = Debug|Any CPU
		Release|Any CPU = Release|Any CPU
	EndGlobalSection
	GlobalSection(ProjectConfigurationPlatforms) = postSolution
		{7BD80DDD-99DC-4711-A5DC-03E41407B5EB}.Debug|Any CPU.ActiveCfg = Debug|Any CPU
		{7BD80DDD-99DC-4711-A5DC-03E41407B5EB}.Debug|Any CPU.Build.0 = Debug|Any CPU
		{7BD80DDD-99DC-4711-A5DC-03E41407B5EB}.Release|Any CPU.ActiveCfg = Release|Any CPU
		{7BD80DDD-99DC-4711-A5DC-03E41407B5EB}.Release|Any CPU.Build.0 = Release|Any CPU
	EndGlobalSection
	GlobalSection(SolutionProperties) = preSolution
		HideSolutionNode = FALSE
	EndGlobalSection
	GlobalSection(ExtensibilityGlobals) = postSolution
		SolutionGuid = {D606BF34-ABC5-45FD-B138-AFEF4200681B}
	EndGlobalSection
EndGlobal
